{
    "_meta": {
        "hash": {
            "sha256": "b0a115ef7c96e98572fe859391a2f5e17878292e2a2a6139296e3fa61129ca45"
        },
        "pipfile-spec": 6,
        "requires": {
            "python_version": "3.6"
        },
        "sources": [
            {
                "name": "pypi",
                "url": "https://pypi.org/simple",
                "verify_ssl": true
            }
        ]
    },
    "default": {
        "marshmallow": {
            "hashes": [
                "sha256:24a76fdc8857344fe896faa99b589ce10f44c691ce511fee37775757d482f036",
                "sha256:ec7a8d0101c0175480684f8b6431ec52dc0b3e05bbd780643c2ee7df7735f148"
            ],
            "index": "pypi",
            "version": "==2.16.0"
        }
    },
    "develop": {}
}
